// !$*UTF8*$!
{
	archiveVersion = 1;
	classes = {
	};
	objectVersion = 50;
	objects = {

/* Begin PBXBuildFile section */
		8722E89323968242002E5950 /* AppDelegate.swift in Sources */ = {isa = PBXBuildFile; fileRef = 8722E89223968242002E5950 /* AppDelegate.swift */; };
		8722E89523968242002E5950 /* SceneDelegate.swift in Sources */ = {isa = PBXBuildFile; fileRef = 8722E89423968242002E5950 /* SceneDelegate.swift */; };
		8722E89723968242002E5950 /* ViewController.swift in Sources */ = {isa = PBXBuildFile; fileRef = 8722E89623968242002E5950 /* ViewController.swift */; };
		8722E89A23968242002E5950 /* Main.storyboard in Resources */ = {isa = PBXBuildFile; fileRef = 8722E89823968242002E5950 /* Main.storyboard */; };
		8722E89C23968244002E5950 /* Assets.xcassets in Resources */ = {isa = PBXBuildFile; fileRef = 8722E89B23968244002E5950 /* Assets.xcassets */; };
		8722E89F23968244002E5950 /* LaunchScreen.storyboard in Resources */ = {isa = PBXBuildFile; fileRef = 8722E89D23968244002E5950 /* LaunchScreen.storyboard */; };
		8722E8A723968323002E5950 /* YellowViewController.swift in Sources */ = {isa = PBXBuildFile; fileRef = 8722E8A623968323002E5950 /* YellowViewController.swift */; };
		8722E8A923969816002E5950 /* PinkViewController.swift in Sources */ = {isa = PBXBuildFile; fileRef = 8722E8A823969816002E5950 /* PinkViewController.swift */; };
		8722E8AB2396A0B9002E5950 /* FourViewController.swift in Sources */ = {isa = PBXBuildFile; fileRef = 8722E8AA2396A0B9002E5950 /* FourViewController.swift */; };
		8722E8AE2396A362002E5950 /* FiveViewController.swift in Sources */ = {isa = PBXBuildFile; fileRef = 8722E8AC2396A362002E5950 /* FiveViewController.swift */; };
		8722E8AF2396A362002E5950 /* FiveViewController.xib in Resources */ = {isa = PBXBuildFile; fileRef = 8722E8AD2396A362002E5950 /* FiveViewController.xib */; };
/* End PBXBuildFile section */

/* Begin PBXFileReference section */
		8722E88F23968242002E5950 /* DemoPresent.app */ = {isa = PBXFileReference; explicitFileType = wrapper.application; includeInIndex = 0; path = DemoPresent.app; sourceTree = BUILT_PRODUCTS_DIR; };
		8722E89223968242002E5950 /* AppDelegate.swift */ = {isa = PBXFileReference; lastKnownFileType = sourcecode.swift; path = AppDelegate.swift; sourceTree = "<group>"; };
		8722E89423968242002E5950 /* SceneDelegate.swift */ = {isa = PBXFileReference; lastKnownFileType = sourcecode.swift; path = SceneDelegate.swift; sourceTree = "<group>"; };
		8722E89623968242002E5950 /* ViewController.swift */ = {isa = PBXFileReference; lastKnownFileType = sourcecode.swift; path = ViewController.swift; sourceTree = "<group>"; };
		8722E89923968242002E5950 /* Base */ = {isa = PBXFileReference; lastKnownFileType = file.storyboard; name = Base; path = Base.lproj/Main.storyboard; sourceTree = "<group>"; };
		8722E89B23968244002E5950 /* Assets.xcassets */ = {isa = PBXFileReference; lastKnownFileType = folder.assetcatalog; path = Assets.xcassets; sourceTree = "<group>"; };
		8722E89E23968244002E5950 /* Base */ = {isa = PBXFileReference; lastKnownFileType = file.storyboard; name = Base; path = Base.lproj/LaunchScreen.storyboard; sourceTree = "<group>"; };
		8722E8A023968244002E5950 /* Info.plist */ = {isa = PBXFileReference; lastKnownFileType = text.plist.xml; path = Info.plist; sourceTree = "<group>"; };
		8722E8A623968323002E5950 /* YellowViewController.swift */ = {isa = PBXFileReference; lastKnownFileType = sourcecode.swift; path = YellowViewController.swift; sourceTree = "<group>"; };
		8722E8A823969816002E5950 /* PinkViewController.swift */ = {isa = PBXFileReference; lastKnownFileType = sourcecode.swift; path = PinkViewController.swift; sourceTree = "<group>"; };
		8722E8AA2396A0B9002E5950 /* FourViewController.swift */ = {isa = PBXFileReference; lastKnownFileType = sourcecode.swift; path = FourViewController.swift; sourceTree = "<group>"; };
		8722E8AC2396A362002E5950 /* FiveViewController.swift */ = {isa = PBXFileReference; lastKnownFileType = sourcecode.swift; path = FiveViewController.swift; sourceTree = "<group>"; };
		8722E8AD2396A362002E5950 /* FiveViewController.xib */ = {isa = PBXFileReference; lastKnownFileType = file.xib; path = FiveViewController.xib; sourceTree = "<group>"; };
/* End PBXFileReference section */

/* Begin PBXFrameworksBuildPhase section */
		8722E88C23968242002E5950 /* Frameworks */ = {
			isa = PBXFrameworksBuildPhase;
			buildActionMask = 2147483647;
			files = (
			);
			runOnlyForDeploymentPostprocessing = 0;
		};
/* End PBXFrameworksBuildPhase section */

/* Begin PBXGroup section */
		8722E88623968242002E5950 = {
			isa = PBXGroup;
			children = (
				8722E89123968242002E5950 /* DemoPresent */,
				8722E89023968242002E5950 /* Products */,
			);
			sourceTree = "<group>";
		};
		8722E89023968242002E5950 /* Products */ = {
			isa = PBXGroup;
			children = (
				8722E88F23968242002E5950 /* DemoPresent.app */,
			);
			name = Products;
			sourceTree = "<group>";
		};
		8722E89123968242002E5950 /* DemoPresent */ = {
			isa = PBXGroup;
			children = (
				8722E8AC2396A362002E5950 /* FiveViewController.swift */,
				8722E8AD2396A362002E5950 /* FiveViewController.xib */,
				8722E89223968242002E5950 /* AppDelegate.swift */,
				8722E89423968242002E5950 /* SceneDelegate.swift */,
				8722E89623968242002E5950 /* ViewController.swift */,
				8722E89823968242002E5950 /* Main.storyboard */,
				8722E8AA2396A0B9002E5950 /* FourViewController.swift */,
				8722E8A823969816002E5950 /* PinkViewController.swift */,
				8722E89B23968244002E5950 /* Assets.xcassets */,
				8722E89D23968244002E5950 /* LaunchScreen.storyboard */,
				8722E8A023968244002E5950 /* Info.plist */,
				8722E8A623968323002E5950 /* YellowViewController.swift */,
			);
			path = DemoPresent;
			sourceTree = "<group>";
		};
/* End PBXGroup section */

/* Begin PBXNativeTarget section */
		8722E88E23968242002E5950 /* DemoPresent */ = {
			isa = PBXNativeTarget;
			buildConfigurationList = 8722E8A323968244002E5950 /* Build configuration list for PBXNativeTarget "DemoPresent" */;
			buildPhases = (
				8722E88B23968242002E5950 /* Sources */,
				8722E88C23968242002E5950 /* Frameworks */,
				8722E88D23968242002E5950 /* Resources */,
			);
			buildRules = (
			);
			dependencies = (
			);
			name = DemoPresent;
			productName = DemoPresent;
			productReference = 8722E88F23968242002E5950 /* DemoPresent.app */;
			productType = "com.apple.product-type.application";
		};
/* End PBXNativeTarget section */

/* Begin PBXProject section */
		8722E88723968242002E5950 /* Project object */ = {
			isa = PBXProject;
			attributes = {
				LastSwiftUpdateCheck = 1110;
				LastUpgradeCheck = 1110;
				ORGANIZATIONNAME = Trung;
				TargetAttributes = {
					8722E88E23968242002E5950 = {
						CreatedOnToolsVersion = 11.1;
					};
				};
			};
			buildConfigurationList = 8722E88A23968242002E5950 /* Build configuration list for PBXProject "DemoPresent" */;
			compatibilityVersion = "Xcode 9.3";
			developmentRegion = en;
			hasScannedForEncodings = 0;
			knownRegions = (
				en,
				Base,
			);
			mainGroup = 8722E88623968242002E5950;
			productRefGroup = 8722E89023968242002E5950 /* Products */;
			projectDirPath = "";
			projectRoot = "";
			targets = (
				8722E88E23968242002E5950 /* DemoPresent */,
			);
		};
/* End PBXProject section */

/* Begin PBXResourcesBuildPhase section */
		8722E88D23968242002E5950 /* Resources */ = {
			isa = PBXResourcesBuildPhase;
			buildActionMask = 2147483647;
			files = (
				8722E8AF2396A362002E5950 /* FiveViewController.xib in Resources */,
				8722E89F23968244002E5950 /* LaunchScreen.storyboard in Resources */,
				8722E89C23968244002E5950 /* Assets.xcassets in Resources */,
				8722E89A23968242002E5950 /* Main.storyboard in Resources */,
			);
			runOnlyForDeploymentPostprocessing = 0;
		};
/* End PBXResourcesBuildPhase section */

/* Begin PBXSourcesBuildPhase section */
		8722E88B23968242002E5950 /* Sources */ = {
			isa = PBXSourcesBuildPhase;
			buildActionMask = 2147483647;
			files = (
				8722E8AE2396A362002E5950 /* FiveViewController.swift in Sources */,
				8722E8A723968323002E5950 /* YellowViewController.swift in Sources */,
				8722E89723968242002E5950 /* ViewController.swift in Sources */,
				8722E8AB2396A0B9002E5950 /* FourViewController.swift in Sources */,
				8722E89323968242002E5950 /* AppDelegate.swift in Sources */,
				8722E89523968242002E5950 /* SceneDelegate.swift in Sources */,
				8722E8A923969816002E5950 /* PinkViewController.swift in Sources */,
			);
			runOnlyForDeploymentPostprocessing = 0;
		};
/* End PBXSourcesBuildPhase section */

/* Begin PBXVariantGroup section */
		8722E89823968242002E5950 /* Main.storyboard */ = {
			isa = PBXVariantGroup;
			children = (
				8722E89923968242002E5950 /* Base */,
			);
			name = Main.storyboard;
			sourceTree = "<group>";
		};
		8722E89D23968244002E5950 /* LaunchScreen.storyboard */ = {
			isa = PBXVariantGroup;
			children = (
				8722E89E23968244002E5950 /* Base */,
			);
			name = LaunchScreen.storyboard;
			sourceTree = "<group>";
		};
/* End PBXVariantGroup section */

/* Begin XCBuildConfiguration section */
		8722E8A123968244002E5950 /* Debug */ = {
			isa = XCBuildConfiguration;
			buildSettings = {
				ALWAYS_SEARCH_USER_PATHS = NO;
				CLANG_ANALYZER_NONNULL = YES;
				CLANG_ANALYZER_NUMBER_OBJECT_CONVERSION = YES_AGGRESSIVE;
				CLANG_CXX_LANGUAGE_STANDARD = "gnu++14";
				CLANG_CXX_LIBRARY = "libc++";
				CLANG_ENABLE_MODULES = YES;
				CLANG_ENABLE_OBJC_ARC = YES;
				CLANG_ENABLE_OBJC_WEAK = YES;
				CLANG_WARN_BLOCK_CAPTURE_AUTORELEASING = YES;
				CLANG_WARN_BOOL_CONVERSION = YES;
				CLANG_WARN_COMMA = YES;
				CLANG_WARN_CONSTANT_CONVERSION = YES;
				CLANG_WARN_DEPRECATED_OBJC_IMPLEMENTATIONS = YES;
				CLANG_WARN_DIRECT_OBJC_ISA_USAGE = YES_ERROR;
				CLANG_WARN_DOCUMENTATION_COMMENTS = YES;
				CLANG_WARN_EMPTY_BODY = YES;
				CLANG_WARN_ENUM_CONVERSION = YES;
				CLANG_WARN_INFINITE_RECURSION = YES;
				CLANG_WARN_INT_CONVERSION = YES;
				CLANG_WARN_NON_LITERAL_NULL_CONVERSION = YES;
				CLANG_WARN_OBJC_IMPLICIT_RETAIN_SELF = YES;
				CLANG_WARN_OBJC_LITERAL_CONVERSION = YES;
				CLANG_WARN_OBJC_ROOT_CLASS = YES_ERROR;
				CLANG_WARN_RANGE_LOOP_ANALYSIS = YES;
				CLANG_WARN_STRICT_PROTOTYPES = YES;
				CLANG_WARN_SUSPICIOUS_MOVE = YES;
				CLANG_WARN_UNGUARDED_AVAILABILITY = YES_AGGRESSIVE;
				CLANG_WARN_UNREACHABLE_CODE = YES;
				CLANG_WARN__DUPLICATE_METHOD_MATCH = YES;
				COPY_PHASE_STRIP = NO;
				DEBUG_INFORMATION_FORMAT = dwarf;
				ENABLE_STRICT_OBJC_MSGSEND = YES;
				ENABLE_TESTABILITY = YES;
				GCC_C_LANGUAGE_STANDARD = gnu11;
				GCC_DYNAMIC_NO_PIC = NO;
				GCC_NO_COMMON_BLOCKS = YES;
				GCC_OPTIMIZATION_LEVEL = 0;
				GCC_PREPROCESSOR_DEFINITIONS = (
					"DEBUG=1",
					"$(inherited)",
				);
				GCC_WARN_64_TO_32_BIT_CONVERSION = YES;
				GCC_WARN_ABOUT_RETURN_TYPE = YES_ERROR;
				GCC_WARN_UNDECLARED_SELECTOR = YES;
				GCC_WARN_UNINITIALIZED_AUTOS = YES_AGGRESSIVE;
				GCC_WARN_UNUSED_FUNCTION = YES;
				GCC_WARN_UNUSED_VARIABLE = YES;
				IPHONEOS_DEPLOYMENT_TARGET = 13.1;
				MTL_ENABLE_DEBUG_INFO = INCLUDE_SOURCE;
				MTL_FAST_MATH = YES;
				ONLY_ACTIVE_ARCH = YES;
				SDKROOT = iphoneos;
				SWIFT_ACTIVE_COMPILATION_CONDITIONS = DEBUG;
				SWIFT_OPTIMIZATION_LEVEL = "-Onone";
			};
			name = Debug;
		};
		8722E8A223968244002E5950 /* Release */ = {
			isa = XCBuildConfiguration;
			buildSettings = {
				ALWAYS_SEARCH_USER_PATHS = NO;
				CLANG_ANALYZER_NONNULL = YES;
				CLANG_ANALYZER_NUMBER_OBJECT_CONVERSION = YES_AGGRESSIVE;
				CLANG_CXX_LANGUAGE_STANDARD = "gnu++14";
				CLANG_CXX_LIBRARY = "libc++";
				CLANG_ENABLE_MODULES = YES;
				CLANG_ENABLE_OBJC_ARC = YES;
				CLANG_ENABLE_OBJC_WEAK = YES;
				CLANG_WARN_BLOCK_CAPTURE_AUTORELEASING = YES;
				CLANG_WARN_BOOL_CONVERSION = YES;
				CLANG_WARN_COMMA = YES;
				CLANG_WARN_CONSTANT_CONVERSION = YES;
				CLANG_WARN_DEPRECATED_OBJC_IMPLEMENTATIONS = YES;
				CLANG_WARN_DIRECT_OBJC_ISA_USAGE = YES_ERROR;
				CLANG_WARN_DOCUMENTATION_COMMENTS = YES;
				CLANG_WARN_EMPTY_BODY = YES;
				CLANG_WARN_ENUM_CONVERSION = YES;
				CLANG_WARN_INFINITE_RECURSION = YES;
				CLANG_WARN_INT_CONVERSION = YES;
				CLANG_WARN_NON_LITERAL_NULL_CONVERSION = YES;
				CLANG_WARN_OBJC_IMPLICIT_RETAIN_SELF = YES;
				CLANG_WARN_OBJC_LITERAL_CONVERSION = YES;
				CLANG_WARN_OBJC_ROOT_CLASS = YES_ERROR;
				CLANG_WARN_RANGE_LOOP_ANALYSIS = YES;
				CLANG_WARN_STRICT_PROTOTYPES = YES;
				CLANG_WARN_SUSPICIOUS_MOVE = YES;
				CLANG_WARN_UNGUARDED_AVAILABILITY = YES_AGGRESSIVE;
				CLANG_WARN_UNREACHABLE_CODE = YES;
				CLANG_WARN__DUPLICATE_METHOD_MATCH = YES;
				COPY_PHASE_STRIP = NO;
				DEBUG_INFORMATION_FORMAT = "dwarf-with-dsym";
				ENABLE_NS_ASSERTIONS = NO;
				ENABLE_STRICT_OBJC_MSGSEND = YES;
				GCC_C_LANGUAGE_STANDARD = gnu11;
				GCC_NO_COMMON_BLOCKS = YES;
				GCC_WARN_64_TO_32_BIT_CONVERSION = YES;
				GCC_WARN_ABOUT_RETURN_TYPE = YES_ERROR;
				GCC_WARN_UNDECLARED_SELECTOR = YES;
				GCC_WARN_UNINITIALIZED_AUTOS = YES_AGGRESSIVE;
				GCC_WARN_UNUSED_FUNCTION = YES;
				GCC_WARN_UNUSED_VARIABLE = YES;
				IPHONEOS_DEPLOYMENT_TARGET = 13.1;
				MTL_ENABLE_DEBUG_INFO = NO;
				MTL_FAST_MATH = YES;
				SDKROOT = iphoneos;
				SWIFT_COMPILATION_MODE = wholemodule;
				SWIFT_OPTIMIZATION_LEVEL = "-O";
				VALIDATE_PRODUCT = YES;
			};
			name = Release;
		};
		8722E8A423968244002E5950 /* Debug */ = {
			isa = XCBuildConfiguration;
			buildSettings = {
				ASSETCATALOG_COMPILER_APPICON_NAME = AppIcon;
				CODE_SIGN_STYLE = Automatic;
				INFOPLIST_FILE = DemoPresent/Info.plist;
				LD_RUNPATH_SEARCH_PATHS = (
					"$(inherited)",
					"@executable_path/Frameworks",
				);
				PRODUCT_BUNDLE_IDENTIFIER = tao.quynh.DemoPresent;
				PRODUCT_NAME = "$(TARGET_NAME)";
				SWIFT_VERSION = 5.0;
				TARGETED_DEVICE_FAMILY = "1,2";
			};
			name = Debug;
		};
		8722E8A523968244002E5950 /* Release */ = {
			isa = XCBuildConfiguration;
			buildSettings = {
				ASSETCATALOG_COMPILER_APPICON_NAME = AppIcon;
				CODE_SIGN_STYLE = Automatic;
				INFOPLIST_FILE = DemoPresent/Info.plist;
				LD_RUNPATH_SEARCH_PATHS = (
					"$(inherited)",
					"@executable_path/Frameworks",
				);
				PRODUCT_BUNDLE_IDENTIFIER = tao.quynh.DemoPresent;
				PRODUCT_NAME = "$(TARGET_NAME)";
				SWIFT_VERSION = 5.0;
				TARGETED_DEVICE_FAMILY = "1,2";
			};
			name = Release;
		};
/* End XCBuildConfiguration section */

/* Begin XCConfigurationList section */
		8722E88A23968242002E5950 /* Build configuration list for PBXProject "DemoPresent" */ = {
			isa = XCConfigurationList;
			buildConfigurations = (
				8722E8A123968244002E5950 /* Debug */,
				8722E8A223968244002E5950 /* Release */,
			);
			defaultConfigurationIsVisible = 0;
			defaultConfigurationName = Release;
		};
		8722E8A323968244002E5950 /* Build configuration list for PBXNativeTarget "DemoPresent" */ = {
			isa = XCConfigurationList;
			buildConfigurations = (
				8722E8A423968244002E5950 /* Debug */,
				8722E8A523968244002E5950 /* Release */,
			);
			defaultConfigurationIsVisible = 0;
			defaultConfigurationName = Release;
		};
/* End XCConfigurationList section */
	};
	rootObject = 8722E88723968242002E5950 /* Project object */;
}
